// !$*UTF8*$!
{
	archiveVersion = 1;
	classes = {
	};
	objectVersion = 46;
	objects = {

/* Begin PBXBuildFile section */
		F33A6AA21FB33ADE00B716FF /* AppDelegate.swift in Sources */ = {isa = PBXBuildFile; fileRef = F33A6AA11FB33ADE00B716FF /* AppDelegate.swift */; };
		F33A6AA71FB33ADE00B716FF /* Main.storyboard in Resources */ = {isa = PBXBuildFile; fileRef = F33A6AA51FB33ADE00B716FF /* Main.storyboard */; };
		F33A6AA91FB33ADE00B716FF /* Assets.xcassets in Resources */ = {isa = PBXBuildFile; fileRef = F33A6AA81FB33ADE00B716FF /* Assets.xcassets */; };
		F33A6AAC1FB33ADE00B716FF /* LaunchScreen.storyboard in Resources */ = {isa = PBXBuildFile; fileRef = F33A6AAA1FB33ADE00B716FF /* LaunchScreen.storyboard */; };
		F33A6AC21FB3463400B716FF /* ToDoItemTests.swift in Sources */ = {isa = PBXBuildFile; fileRef = F33A6AC11FB3463400B716FF /* ToDoItemTests.swift */; };
		F33A6AC41FB3472F00B716FF /* TodoItem.swift in Sources */ = {isa = PBXBuildFile; fileRef = F33A6AC31FB3472F00B716FF /* TodoItem.swift */; };
		F33A6AC61FB3554200B716FF /* Location.swift in Sources */ = {isa = PBXBuildFile; fileRef = F33A6AC51FB3554200B716FF /* Location.swift */; };
		F33A6AC81FB355E000B716FF /* LocationTests.swift in Sources */ = {isa = PBXBuildFile; fileRef = F33A6AC71FB355E000B716FF /* LocationTests.swift */; };
		F33A6ACA1FB3589C00B716FF /* ItemManagerTests.swift in Sources */ = {isa = PBXBuildFile; fileRef = F33A6AC91FB3589C00B716FF /* ItemManagerTests.swift */; };
		F33A6ACC1FB35E4800B716FF /* ItemManager.swift in Sources */ = {isa = PBXBuildFile; fileRef = F33A6ACB1FB35E4800B716FF /* ItemManager.swift */; };
		F33A6AD01FB45B8F00B716FF /* ItemListViewControllerTest.swift in Sources */ = {isa = PBXBuildFile; fileRef = F33A6ACF1FB45B8F00B716FF /* ItemListViewControllerTest.swift */; };
		F33A6AD21FB45C0600B716FF /* ItemListViewController.swift in Sources */ = {isa = PBXBuildFile; fileRef = F33A6AD11FB45C0600B716FF /* ItemListViewController.swift */; };
		F33A6AD41FB45F7100B716FF /* ItemListDataProvider.swift in Sources */ = {isa = PBXBuildFile; fileRef = F33A6AD31FB45F7100B716FF /* ItemListDataProvider.swift */; };
		F33A6AD61FB465A700B716FF /* ItemListDataProviderTest.swift in Sources */ = {isa = PBXBuildFile; fileRef = F33A6AD51FB465A700B716FF /* ItemListDataProviderTest.swift */; };
/* End PBXBuildFile section */

/* Begin PBXContainerItemProxy section */
		F33A6AB31FB33ADE00B716FF /* PBXContainerItemProxy */ = {
			isa = PBXContainerItemProxy;
			containerPortal = F33A6A961FB33ADE00B716FF /* Project object */;
			proxyType = 1;
			remoteGlobalIDString = F33A6A9D1FB33ADE00B716FF;
			remoteInfo = Todo;
		};
/* End PBXContainerItemProxy section */

/* Begin PBXFileReference section */
		F33A6A9E1FB33ADE00B716FF /* Todo.app */ = {isa = PBXFileReference; explicitFileType = wrapper.application; includeInIndex = 0; path = Todo.app; sourceTree = BUILT_PRODUCTS_DIR; };
		F33A6AA11FB33ADE00B716FF /* AppDelegate.swift */ = {isa = PBXFileReference; lastKnownFileType = sourcecode.swift; path = AppDelegate.swift; sourceTree = "<group>"; };
		F33A6AA61FB33ADE00B716FF /* Base */ = {isa = PBXFileReference; lastKnownFileType = file.storyboard; name = Base; path = Base.lproj/Main.storyboard; sourceTree = "<group>"; };
		F33A6AA81FB33ADE00B716FF /* Assets.xcassets */ = {isa = PBXFileReference; lastKnownFileType = folder.assetcatalog; path = Assets.xcassets; sourceTree = "<group>"; };
		F33A6AAB1FB33ADE00B716FF /* Base */ = {isa = PBXFileReference; lastKnownFileType = file.storyboard; name = Base; path = Base.lproj/LaunchScreen.storyboard; sourceTree = "<group>"; };
		F33A6AAD1FB33ADE00B716FF /* Info.plist */ = {isa = PBXFileReference; lastKnownFileType = text.plist.xml; path = Info.plist; sourceTree = "<group>"; };
		F33A6AB21FB33ADE00B716FF /* TodoTests.xctest */ = {isa = PBXFileReference; explicitFileType = wrapper.cfbundle; includeInIndex = 0; path = TodoTests.xctest; sourceTree = BUILT_PRODUCTS_DIR; };
		F33A6AB81FB33ADE00B716FF /* Info.plist */ = {isa = PBXFileReference; lastKnownFileType = text.plist.xml; path = Info.plist; sourceTree = "<group>"; };
		F33A6AC11FB3463400B716FF /* ToDoItemTests.swift */ = {isa = PBXFileReference; fileEncoding = 4; lastKnownFileType = sourcecode.swift; path = ToDoItemTests.swift; sourceTree = "<group>"; };
		F33A6AC31FB3472F00B716FF /* TodoItem.swift */ = {isa = PBXFileReference; fileEncoding = 4; lastKnownFileType = sourcecode.swift; path = TodoItem.swift; sourceTree = "<group>"; };
		F33A6AC51FB3554200B716FF /* Location.swift */ = {isa = PBXFileReference; fileEncoding = 4; lastKnownFileType = sourcecode.swift; path = Location.swift; sourceTree = "<group>"; };
		F33A6AC71FB355E000B716FF /* LocationTests.swift */ = {isa = PBXFileReference; fileEncoding = 4; lastKnownFileType = sourcecode.swift; path = LocationTests.swift; sourceTree = "<group>"; };
		F33A6AC91FB3589C00B716FF /* ItemManagerTests.swift */ = {isa = PBXFileReference; fileEncoding = 4; lastKnownFileType = sourcecode.swift; path = ItemManagerTests.swift; sourceTree = "<group>"; };
		F33A6ACB1FB35E4800B716FF /* ItemManager.swift */ = {isa = PBXFileReference; fileEncoding = 4; lastKnownFileType = sourcecode.swift; path = ItemManager.swift; sourceTree = "<group>"; };
		F33A6ACF1FB45B8F00B716FF /* ItemListViewControllerTest.swift */ = {isa = PBXFileReference; fileEncoding = 4; lastKnownFileType = sourcecode.swift; path = ItemListViewControllerTest.swift; sourceTree = "<group>"; };
		F33A6AD11FB45C0600B716FF /* ItemListViewController.swift */ = {isa = PBXFileReference; fileEncoding = 4; lastKnownFileType = sourcecode.swift; path = ItemListViewController.swift; sourceTree = "<group>"; };
		F33A6AD31FB45F7100B716FF /* ItemListDataProvider.swift */ = {isa = PBXFileReference; fileEncoding = 4; lastKnownFileType = sourcecode.swift; path = ItemListDataProvider.swift; sourceTree = "<group>"; };
		F33A6AD51FB465A700B716FF /* ItemListDataProviderTest.swift */ = {isa = PBXFileReference; fileEncoding = 4; lastKnownFileType = sourcecode.swift; path = ItemListDataProviderTest.swift; sourceTree = "<group>"; };
/* End PBXFileReference section */

/* Begin PBXFrameworksBuildPhase section */
		F33A6A9B1FB33ADE00B716FF /* Frameworks */ = {
			isa = PBXFrameworksBuildPhase;
			buildActionMask = 2147483647;
			files = (
			);
			runOnlyForDeploymentPostprocessing = 0;
		};
		F33A6AAF1FB33ADE00B716FF /* Frameworks */ = {
			isa = PBXFrameworksBuildPhase;
			buildActionMask = 2147483647;
			files = (
			);
			runOnlyForDeploymentPostprocessing = 0;
		};
/* End PBXFrameworksBuildPhase section */

/* Begin PBXGroup section */
		F33A6A951FB33ADE00B716FF = {
			isa = PBXGroup;
			children = (
				F33A6AA01FB33ADE00B716FF /* Todo */,
				F33A6AB51FB33ADE00B716FF /* TodoTests */,
				F33A6A9F1FB33ADE00B716FF /* Products */,
			);
			sourceTree = "<group>";
		};
		F33A6A9F1FB33ADE00B716FF /* Products */ = {
			isa = PBXGroup;
			children = (
				F33A6A9E1FB33ADE00B716FF /* Todo.app */,
				F33A6AB21FB33ADE00B716FF /* TodoTests.xctest */,
			);
			name = Products;
			sourceTree = "<group>";
		};
		F33A6AA01FB33ADE00B716FF /* Todo */ = {
			isa = PBXGroup;
			children = (
				F33A6AA11FB33ADE00B716FF /* AppDelegate.swift */,
				F33A6AA51FB33ADE00B716FF /* Main.storyboard */,
				F33A6AA81FB33ADE00B716FF /* Assets.xcassets */,
				F33A6AAA1FB33ADE00B716FF /* LaunchScreen.storyboard */,
				F33A6AAD1FB33ADE00B716FF /* Info.plist */,
				F33A6ACD1FB45B4700B716FF /* Model */,
				F33A6AD11FB45C0600B716FF /* ItemListViewController.swift */,
				F33A6AD31FB45F7100B716FF /* ItemListDataProvider.swift */,
			);
			path = Todo;
			sourceTree = "<group>";
		};
		F33A6AB51FB33ADE00B716FF /* TodoTests */ = {
			isa = PBXGroup;
			children = (
				F33A6AB81FB33ADE00B716FF /* Info.plist */,
				F33A6ACE1FB45B6100B716FF /* Model */,
				F33A6ACF1FB45B8F00B716FF /* ItemListViewControllerTest.swift */,
				F33A6AD51FB465A700B716FF /* ItemListDataProviderTest.swift */,
			);
			path = TodoTests;
			sourceTree = "<group>";
		};
		F33A6ACD1FB45B4700B716FF /* Model */ = {
			isa = PBXGroup;
			children = (
				F33A6AC31FB3472F00B716FF /* TodoItem.swift */,
				F33A6AC51FB3554200B716FF /* Location.swift */,
				F33A6ACB1FB35E4800B716FF /* ItemManager.swift */,
			);
			name = Model;
			sourceTree = "<group>";
		};
		F33A6ACE1FB45B6100B716FF /* Model */ = {
			isa = PBXGroup;
			children = (
				F33A6AC11FB3463400B716FF /* ToDoItemTests.swift */,
				F33A6AC71FB355E000B716FF /* LocationTests.swift */,
				F33A6AC91FB3589C00B716FF /* ItemManagerTests.swift */,
			);
			name = Model;
			sourceTree = "<group>";
		};
/* End PBXGroup section */

/* Begin PBXNativeTarget section */
		F33A6A9D1FB33ADE00B716FF /* Todo */ = {
			isa = PBXNativeTarget;
			buildConfigurationList = F33A6ABB1FB33ADE00B716FF /* Build configuration list for PBXNativeTarget "Todo" */;
			buildPhases = (
				F33A6A9A1FB33ADE00B716FF /* Sources */,
				F33A6A9B1FB33ADE00B716FF /* Frameworks */,
				F33A6A9C1FB33ADE00B716FF /* Resources */,
			);
			buildRules = (
			);
			dependencies = (
			);
			name = Todo;
			productName = Todo;
			productReference = F33A6A9E1FB33ADE00B716FF /* Todo.app */;
			productType = "com.apple.product-type.application";
		};
		F33A6AB11FB33ADE00B716FF /* TodoTests */ = {
			isa = PBXNativeTarget;
			buildConfigurationList = F33A6ABE1FB33ADE00B716FF /* Build configuration list for PBXNativeTarget "TodoTests" */;
			buildPhases = (
				F33A6AAE1FB33ADE00B716FF /* Sources */,
				F33A6AAF1FB33ADE00B716FF /* Frameworks */,
				F33A6AB01FB33ADE00B716FF /* Resources */,
			);
			buildRules = (
			);
			dependencies = (
				F33A6AB41FB33ADE00B716FF /* PBXTargetDependency */,
			);
			name = TodoTests;
			productName = TodoTests;
			productReference = F33A6AB21FB33ADE00B716FF /* TodoTests.xctest */;
			productType = "com.apple.product-type.bundle.unit-test";
		};
/* End PBXNativeTarget section */

/* Begin PBXProject section */
		F33A6A961FB33ADE00B716FF /* Project object */ = {
			isa = PBXProject;
			attributes = {
				LastSwiftUpdateCheck = 0830;
				LastUpgradeCheck = 0830;
				ORGANIZATIONNAME = "Scriptable Ltd";
				TargetAttributes = {
					F33A6A9D1FB33ADE00B716FF = {
						CreatedOnToolsVersion = 8.3.3;
						DevelopmentTeam = Z5Y8PVLE5F;
						ProvisioningStyle = Automatic;
					};
					F33A6AB11FB33ADE00B716FF = {
						CreatedOnToolsVersion = 8.3.3;
						DevelopmentTeam = Z5Y8PVLE5F;
						ProvisioningStyle = Automatic;
						TestTargetID = F33A6A9D1FB33ADE00B716FF;
					};
				};
			};
			buildConfigurationList = F33A6A991FB33ADE00B716FF /* Build configuration list for PBXProject "Todo" */;
			compatibilityVersion = "Xcode 3.2";
			developmentRegion = English;
			hasScannedForEncodings = 0;
			knownRegions = (
				en,
				Base,
			);
			mainGroup = F33A6A951FB33ADE00B716FF;
			productRefGroup = F33A6A9F1FB33ADE00B716FF /* Products */;
			projectDirPath = "";
			projectRoot = "";
			targets = (
				F33A6A9D1FB33ADE00B716FF /* Todo */,
				F33A6AB11FB33ADE00B716FF /* TodoTests */,
			);
		};
/* End PBXProject section */

/* Begin PBXResourcesBuildPhase section */
		F33A6A9C1FB33ADE00B716FF /* Resources */ = {
			isa = PBXResourcesBuildPhase;
			buildActionMask = 2147483647;
			files = (
				F33A6AAC1FB33ADE00B716FF /* LaunchScreen.storyboard in Resources */,
				F33A6AA91FB33ADE00B716FF /* Assets.xcassets in Resources */,
				F33A6AA71FB33ADE00B716FF /* Main.storyboard in Resources */,
			);
			runOnlyForDeploymentPostprocessing = 0;
		};
		F33A6AB01FB33ADE00B716FF /* Resources */ = {
			isa = PBXResourcesBuildPhase;
			buildActionMask = 2147483647;
			files = (
			);
			runOnlyForDeploymentPostprocessing = 0;
		};
/* End PBXResourcesBuildPhase section */

/* Begin PBXSourcesBuildPhase section */
		F33A6A9A1FB33ADE00B716FF /* Sources */ = {
			isa = PBXSourcesBuildPhase;
			buildActionMask = 2147483647;
			files = (
				F33A6ACC1FB35E4800B716FF /* ItemManager.swift in Sources */,
				F33A6AD41FB45F7100B716FF /* ItemListDataProvider.swift in Sources */,
				F33A6AC41FB3472F00B716FF /* TodoItem.swift in Sources */,
				F33A6AC61FB3554200B716FF /* Location.swift in Sources */,
				F33A6AA21FB33ADE00B716FF /* AppDelegate.swift in Sources */,
				F33A6AD21FB45C0600B716FF /* ItemListViewController.swift in Sources */,
			);
			runOnlyForDeploymentPostprocessing = 0;
		};
		F33A6AAE1FB33ADE00B716FF /* Sources */ = {
			isa = PBXSourcesBuildPhase;
			buildActionMask = 2147483647;
			files = (
				F33A6ACA1FB3589C00B716FF /* ItemManagerTests.swift in Sources */,
				F33A6AD61FB465A700B716FF /* ItemListDataProviderTest.swift in Sources */,
				F33A6AC81FB355E000B716FF /* LocationTests.swift in Sources */,
				F33A6AD01FB45B8F00B716FF /* ItemListViewControllerTest.swift in Sources */,
				F33A6AC21FB3463400B716FF /* ToDoItemTests.swift in Sources */,
			);
			runOnlyForDeploymentPostprocessing = 0;
		};
/* End PBXSourcesBuildPhase section */

/* Begin PBXTargetDependency section */
		F33A6AB41FB33ADE00B716FF /* PBXTargetDependency */ = {
			isa = PBXTargetDependency;
			target = F33A6A9D1FB33ADE00B716FF /* Todo */;
			targetProxy = F33A6AB31FB33ADE00B716FF /* PBXContainerItemProxy */;
		};
/* End PBXTargetDependency section */

/* Begin PBXVariantGroup section */
		F33A6AA51FB33ADE00B716FF /* Main.storyboard */ = {
			isa = PBXVariantGroup;
			children = (
				F33A6AA61FB33ADE00B716FF /* Base */,
			);
			name = Main.storyboard;
			sourceTree = "<group>";
		};
		F33A6AAA1FB33ADE00B716FF /* LaunchScreen.storyboard */ = {
			isa = PBXVariantGroup;
			children = (
				F33A6AAB1FB33ADE00B716FF /* Base */,
			);
			name = LaunchScreen.storyboard;
			sourceTree = "<group>";
		};
/* End PBXVariantGroup section */

/* Begin XCBuildConfiguration section */
		F33A6AB91FB33ADE00B716FF /* Debug */ = {
			isa = XCBuildConfiguration;
			buildSettings = {
				ALWAYS_SEARCH_USER_PATHS = NO;
				CLANG_ANALYZER_NONNULL = YES;
				CLANG_ANALYZER_NUMBER_OBJECT_CONVERSION = YES_AGGRESSIVE;
				CLANG_CXX_LANGUAGE_STANDARD = "gnu++0x";
				CLANG_CXX_LIBRARY = "libc++";
				CLANG_ENABLE_MODULES = YES;
				CLANG_ENABLE_OBJC_ARC = YES;
				CLANG_WARN_BOOL_CONVERSION = YES;
				CLANG_WARN_CONSTANT_CONVERSION = YES;
				CLANG_WARN_DIRECT_OBJC_ISA_USAGE = YES_ERROR;
				CLANG_WARN_DOCUMENTATION_COMMENTS = YES;
				CLANG_WARN_EMPTY_BODY = YES;
				CLANG_WARN_ENUM_CONVERSION = YES;
				CLANG_WARN_INFINITE_RECURSION = YES;
				CLANG_WARN_INT_CONVERSION = YES;
				CLANG_WARN_OBJC_ROOT_CLASS = YES_ERROR;
				CLANG_WARN_SUSPICIOUS_MOVE = YES;
				CLANG_WARN_UNREACHABLE_CODE = YES;
				CLANG_WARN__DUPLICATE_METHOD_MATCH = YES;
				"CODE_SIGN_IDENTITY[sdk=iphoneos*]" = "iPhone Developer";
				COPY_PHASE_STRIP = NO;
				DEBUG_INFORMATION_FORMAT = dwarf;
				ENABLE_STRICT_OBJC_MSGSEND = YES;
				ENABLE_TESTABILITY = YES;
				GCC_C_LANGUAGE_STANDARD = gnu99;
				GCC_DYNAMIC_NO_PIC = NO;
				GCC_NO_COMMON_BLOCKS = YES;
				GCC_OPTIMIZATION_LEVEL = 0;
				GCC_PREPROCESSOR_DEFINITIONS = (
					"DEBUG=1",
					"$(inherited)",
				);
				GCC_WARN_64_TO_32_BIT_CONVERSION = YES;
				GCC_WARN_ABOUT_RETURN_TYPE = YES_ERROR;
				GCC_WARN_UNDECLARED_SELECTOR = YES;
				GCC_WARN_UNINITIALIZED_AUTOS = YES_AGGRESSIVE;
				GCC_WARN_UNUSED_FUNCTION = YES;
				GCC_WARN_UNUSED_VARIABLE = YES;
				IPHONEOS_DEPLOYMENT_TARGET = 10.3;
				MTL_ENABLE_DEBUG_INFO = YES;
				ONLY_ACTIVE_ARCH = YES;
				SDKROOT = iphoneos;
				SWIFT_ACTIVE_COMPILATION_CONDITIONS = DEBUG;
				SWIFT_OPTIMIZATION_LEVEL = "-Onone";
			};
			name = Debug;
		};
		F33A6ABA1FB33ADE00B716FF /* Release */ = {
			isa = XCBuildConfiguration;
			buildSettings = {
				ALWAYS_SEARCH_USER_PATHS = NO;
				CLANG_ANALYZER_NONNULL = YES;
				CLANG_ANALYZER_NUMBER_OBJECT_CONVERSION = YES_AGGRESSIVE;
				CLANG_CXX_LANGUAGE_STANDARD = "gnu++0x";
				CLANG_CXX_LIBRARY = "libc++";
				CLANG_ENABLE_MODULES = YES;
				CLANG_ENABLE_OBJC_ARC = YES;
				CLANG_WARN_BOOL_CONVERSION = YES;
				CLANG_WARN_CONSTANT_CONVERSION = YES;
				CLANG_WARN_DIRECT_OBJC_ISA_USAGE = YES_ERROR;
				CLANG_WARN_DOCUMENTATION_COMMENTS = YES;
				CLANG_WARN_EMPTY_BODY = YES;
				CLANG_WARN_ENUM_CONVERSION = YES;
				CLANG_WARN_INFINITE_RECURSION = YES;
				CLANG_WARN_INT_CONVERSION = YES;
				CLANG_WARN_OBJC_ROOT_CLASS = YES_ERROR;
				CLANG_WARN_SUSPICIOUS_MOVE = YES;
				CLANG_WARN_UNREACHABLE_CODE = YES;
				CLANG_WARN__DUPLICATE_METHOD_MATCH = YES;
				"CODE_SIGN_IDENTITY[sdk=iphoneos*]" = "iPhone Developer";
				COPY_PHASE_STRIP = NO;
				DEBUG_INFORMATION_FORMAT = "dwarf-with-dsym";
				ENABLE_NS_ASSERTIONS = NO;
				ENABLE_STRICT_OBJC_MSGSEND = YES;
				GCC_C_LANGUAGE_STANDARD = gnu99;
				GCC_NO_COMMON_BLOCKS = YES;
				GCC_WARN_64_TO_32_BIT_CONVERSION = YES;
				GCC_WARN_ABOUT_RETURN_TYPE = YES_ERROR;
				GCC_WARN_UNDECLARED_SELECTOR = YES;
				GCC_WARN_UNINITIALIZED_AUTOS = YES_AGGRESSIVE;
				GCC_WARN_UNUSED_FUNCTION = YES;
				GCC_WARN_UNUSED_VARIABLE = YES;
				IPHONEOS_DEPLOYMENT_TARGET = 10.3;
				MTL_ENABLE_DEBUG_INFO = NO;
				SDKROOT = iphoneos;
				SWIFT_OPTIMIZATION_LEVEL = "-Owholemodule";
				VALIDATE_PRODUCT = YES;
			};
			name = Release;
		};
		F33A6ABC1FB33ADE00B716FF /* Debug */ = {
			isa = XCBuildConfiguration;
			buildSettings = {
				ASSETCATALOG_COMPILER_APPICON_NAME = AppIcon;
				DEVELOPMENT_TEAM = Z5Y8PVLE5F;
				INFOPLIST_FILE = Todo/Info.plist;
				LD_RUNPATH_SEARCH_PATHS = "$(inherited) @executable_path/Frameworks";
				PRODUCT_BUNDLE_IDENTIFIER = com.scriptable.Todo;
				PRODUCT_NAME = "$(TARGET_NAME)";
				SWIFT_VERSION = 3.0;
			};
			name = Debug;
		};
		F33A6ABD1FB33ADE00B716FF /* Release */ = {
			isa = XCBuildConfiguration;
			buildSettings = {
				ASSETCATALOG_COMPILER_APPICON_NAME = AppIcon;
				DEVELOPMENT_TEAM = Z5Y8PVLE5F;
				INFOPLIST_FILE = Todo/Info.plist;
				LD_RUNPATH_SEARCH_PATHS = "$(inherited) @executable_path/Frameworks";
				PRODUCT_BUNDLE_IDENTIFIER = com.scriptable.Todo;
				PRODUCT_NAME = "$(TARGET_NAME)";
				SWIFT_VERSION = 3.0;
			};
			name = Release;
		};
		F33A6ABF1FB33ADE00B716FF /* Debug */ = {
			isa = XCBuildConfiguration;
			buildSettings = {
				ALWAYS_EMBED_SWIFT_STANDARD_LIBRARIES = YES;
				BUNDLE_LOADER = "$(TEST_HOST)";
				DEVELOPMENT_TEAM = Z5Y8PVLE5F;
				INFOPLIST_FILE = TodoTests/Info.plist;
				LD_RUNPATH_SEARCH_PATHS = "$(inherited) @executable_path/Frameworks @loader_path/Frameworks";
				PRODUCT_BUNDLE_IDENTIFIER = com.scriptable.TodoTests;
				PRODUCT_NAME = "$(TARGET_NAME)";
				SWIFT_VERSION = 3.0;
				TEST_HOST = "$(BUILT_PRODUCTS_DIR)/Todo.app/Todo";
			};
			name = Debug;
		};
		F33A6AC01FB33ADE00B716FF /* Release */ = {
			isa = XCBuildConfiguration;
			buildSettings = {
				ALWAYS_EMBED_SWIFT_STANDARD_LIBRARIES = YES;
				BUNDLE_LOADER = "$(TEST_HOST)";
				DEVELOPMENT_TEAM = Z5Y8PVLE5F;
				INFOPLIST_FILE = TodoTests/Info.plist;
				LD_RUNPATH_SEARCH_PATHS = "$(inherited) @executable_path/Frameworks @loader_path/Frameworks";
				PRODUCT_BUNDLE_IDENTIFIER = com.scriptable.TodoTests;
				PRODUCT_NAME = "$(TARGET_NAME)";
				SWIFT_VERSION = 3.0;
				TEST_HOST = "$(BUILT_PRODUCTS_DIR)/Todo.app/Todo";
			};
			name = Release;
		};
/* End XCBuildConfiguration section */

/* Begin XCConfigurationList section */
		F33A6A991FB33ADE00B716FF /* Build configuration list for PBXProject "Todo" */ = {
			isa = XCConfigurationList;
			buildConfigurations = (
				F33A6AB91FB33ADE00B716FF /* Debug */,
				F33A6ABA1FB33ADE00B716FF /* Release */,
			);
			defaultConfigurationIsVisible = 0;
			defaultConfigurationName = Release;
		};
		F33A6ABB1FB33ADE00B716FF /* Build configuration list for PBXNativeTarget "Todo" */ = {
			isa = XCConfigurationList;
			buildConfigurations = (
				F33A6ABC1FB33ADE00B716FF /* Debug */,
				F33A6ABD1FB33ADE00B716FF /* Release */,
			);
			defaultConfigurationIsVisible = 0;
		};
		F33A6ABE1FB33ADE00B716FF /* Build configuration list for PBXNativeTarget "TodoTests" */ = {
			isa = XCConfigurationList;
			buildConfigurations = (
				F33A6ABF1FB33ADE00B716FF /* Debug */,
				F33A6AC01FB33ADE00B716FF /* Release */,
			);
			defaultConfigurationIsVisible = 0;
		};
/* End XCConfigurationList section */
	};
	rootObject = F33A6A961FB33ADE00B716FF /* Project object */;
}
